
Microsoft Visual Studio Solution File, Format Version 12.00
# Visual Studio Version 16
VisualStudioVersion = 16.0.30907.101
MinimumVisualStudioVersion = 10.0.40219.1
Project("{FAE04EC0-301F-11D3-BF4B-00C04F79EFBC}") = "TesteDextra", "TesteDextra\TesteDextra.csproj", "{0EA742EC-5408-43A4-8A39-17DC957AB683}"
EndProject
Global
	GlobalSection(SolutionConfigurationPlatforms) = preSolution
		Debug|Any CPU = Debug|Any CPU
		Release|Any CPU = Release|Any CPU
	EndGlobalSection
	GlobalSection(ProjectConfigurationPlatforms) = postSolution
		{0EA742EC-5408-43A4-8A39-17DC957AB683}.Debug|Any CPU.ActiveCfg = Debug|Any CPU
		{0EA742EC-5408-43A4-8A39-17DC957AB683}.Debug|Any CPU.Build.0 = Debug|Any CPU
		{0EA742EC-5408-43A4-8A39-17DC957AB683}.Release|Any CPU.ActiveCfg = Release|Any CPU
		{0EA742EC-5408-43A4-8A39-17DC957AB683}.Release|Any CPU.Build.0 = Release|Any CPU
	EndGlobalSection
	GlobalSection(SolutionProperties) = preSolution
		HideSolutionNode = FALSE
	EndGlobalSection
	GlobalSection(ExtensibilityGlobals) = postSolution
		SolutionGuid = {2688ED1E-6F45-49A4-8141-C2A022536A1F}
	EndGlobalSection
EndGlobal
